<?xml version="1.0" encoding="UTF-8"?>
<Scheme
   version = "1.3">
   <BuildAction>
      <BuildActionEntries>
         <BuildActionEntry
            buildForRunning = "YES">
            <BuildableReference
               BuildableIdentifier = "primary"
               BlueprintIdentifier = "F86FF7BC27BD9BD8002AD490"
               BuildableName = "AppCodePoc.app"
               BlueprintName = "AppCodePoc"
               ReferencedContainer = "container:AppCodePoc.xcodeproj">
            </BuildableReference>
         </BuildActionEntry>
      </BuildActionEntries>
   </BuildAction>
   <LaunchAction
      useCustomWorkingDirectory = "NO"
      buildConfiguration = "Debug"
      allowLocationSimulation = "YES">
      <BuildableProductRunnable>
         <BuildableReference
            BuildableIdentifier = "primary"
            BlueprintIdentifier = "F86FF7BC27BD9BD8002AD490"
            BuildableName = "AppCodePoc.app"
            BlueprintName = "AppCodePoc"
            ReferencedContainer = "container:AppCodePoc.xcodeproj">
         </BuildableReference>
      </BuildableProductRunnable>
   </LaunchAction>
</Scheme>
